// !$*UTF8*$!
{
	archiveVersion = 1;
	classes = {
	};
	objectVersion = 50;
	objects = {

/* Begin PBXBuildFile section */
		8ABDCBC32146DE100005DB37 /* AppDelegate.swift in Sources */ = {isa = PBXBuildFile; fileRef = 8ABDCBC22146DE100005DB37 /* AppDelegate.swift */; };
		8ABDCBC52146DE100005DB37 /* ViewController.swift in Sources */ = {isa = PBXBuildFile; fileRef = 8ABDCBC42146DE100005DB37 /* ViewController.swift */; };
		8ABDCBC82146DE100005DB37 /* Main.storyboard in Resources */ = {isa = PBXBuildFile; fileRef = 8ABDCBC62146DE100005DB37 /* Main.storyboard */; };
		8ABDCBCA2146DE110005DB37 /* Assets.xcassets in Resources */ = {isa = PBXBuildFile; fileRef = 8ABDCBC92146DE110005DB37 /* Assets.xcassets */; };
		8ABDCBCD2146DE110005DB37 /* LaunchScreen.storyboard in Resources */ = {isa = PBXBuildFile; fileRef = 8ABDCBCB2146DE110005DB37 /* LaunchScreen.storyboard */; };
		8ABF662D21483275007BC3E5 /* NetworkManager.swift in Sources */ = {isa = PBXBuildFile; fileRef = 8ABF662C21483275007BC3E5 /* NetworkManager.swift */; };
/* End PBXBuildFile section */

/* Begin PBXFileReference section */
		8ABDCBBF2146DE100005DB37 /* CryptoFare.app */ = {isa = PBXFileReference; explicitFileType = wrapper.application; includeInIndex = 0; path = CryptoFare.app; sourceTree = BUILT_PRODUCTS_DIR; };
		8ABDCBC22146DE100005DB37 /* AppDelegate.swift */ = {isa = PBXFileReference; lastKnownFileType = sourcecode.swift; path = AppDelegate.swift; sourceTree = "<group>"; };
		8ABDCBC42146DE100005DB37 /* ViewController.swift */ = {isa = PBXFileReference; lastKnownFileType = sourcecode.swift; path = ViewController.swift; sourceTree = "<group>"; };
		8ABDCBC72146DE100005DB37 /* Base */ = {isa = PBXFileReference; lastKnownFileType = file.storyboard; name = Base; path = Base.lproj/Main.storyboard; sourceTree = "<group>"; };
		8ABDCBC92146DE110005DB37 /* Assets.xcassets */ = {isa = PBXFileReference; lastKnownFileType = folder.assetcatalog; path = Assets.xcassets; sourceTree = "<group>"; };
		8ABDCBCC2146DE110005DB37 /* Base */ = {isa = PBXFileReference; lastKnownFileType = file.storyboard; name = Base; path = Base.lproj/LaunchScreen.storyboard; sourceTree = "<group>"; };
		8ABDCBCE2146DE110005DB37 /* Info.plist */ = {isa = PBXFileReference; lastKnownFileType = text.plist.xml; path = Info.plist; sourceTree = "<group>"; };
		8ABF662C21483275007BC3E5 /* NetworkManager.swift */ = {isa = PBXFileReference; lastKnownFileType = sourcecode.swift; path = NetworkManager.swift; sourceTree = "<group>"; };
/* End PBXFileReference section */

/* Begin PBXFrameworksBuildPhase section */
		8ABDCBBC2146DE100005DB37 /* Frameworks */ = {
			isa = PBXFrameworksBuildPhase;
			buildActionMask = 2147483647;
			files = (
			);
			runOnlyForDeploymentPostprocessing = 0;
		};
/* End PBXFrameworksBuildPhase section */

/* Begin PBXGroup section */
		8ABDCBB62146DE100005DB37 = {
			isa = PBXGroup;
			children = (
				8ABDCBC12146DE100005DB37 /* CryptoFare */,
				8ABDCBC02146DE100005DB37 /* Products */,
			);
			sourceTree = "<group>";
		};
		8ABDCBC02146DE100005DB37 /* Products */ = {
			isa = PBXGroup;
			children = (
				8ABDCBBF2146DE100005DB37 /* CryptoFare.app */,
			);
			name = Products;
			sourceTree = "<group>";
		};
		8ABDCBC12146DE100005DB37 /* CryptoFare */ = {
			isa = PBXGroup;
			children = (
				8ABDCBD72146DFAC0005DB37 /* Models */,
				8ABDCBD62146DFA00005DB37 /* Views */,
				8ABDCBD52146DF930005DB37 /* ViewControllers */,
				8ABDCBD42146DF870005DB37 /* Network */,
				8ABDCBC22146DE100005DB37 /* AppDelegate.swift */,
				8ABDCBC62146DE100005DB37 /* Main.storyboard */,
				8ABDCBC92146DE110005DB37 /* Assets.xcassets */,
				8ABDCBCB2146DE110005DB37 /* LaunchScreen.storyboard */,
				8ABDCBCE2146DE110005DB37 /* Info.plist */,
			);
			path = CryptoFare;
			sourceTree = "<group>";
		};
		8ABDCBD42146DF870005DB37 /* Network */ = {
			isa = PBXGroup;
			children = (
				8ABF662C21483275007BC3E5 /* NetworkManager.swift */,
			);
			path = Network;
			sourceTree = "<group>";
		};
		8ABDCBD52146DF930005DB37 /* ViewControllers */ = {
			isa = PBXGroup;
			children = (
				8ABDCBC42146DE100005DB37 /* ViewController.swift */,
			);
			path = ViewControllers;
			sourceTree = "<group>";
		};
		8ABDCBD62146DFA00005DB37 /* Views */ = {
			isa = PBXGroup;
			children = (
			);
			path = Views;
			sourceTree = "<group>";
		};
		8ABDCBD72146DFAC0005DB37 /* Models */ = {
			isa = PBXGroup;
			children = (
			);
			path = Models;
			sourceTree = "<group>";
		};
/* End PBXGroup section */

/* Begin PBXNativeTarget section */
		8ABDCBBE2146DE100005DB37 /* CryptoFare */ = {
			isa = PBXNativeTarget;
			buildConfigurationList = 8ABDCBD12146DE110005DB37 /* Build configuration list for PBXNativeTarget "CryptoFare" */;
			buildPhases = (
				8ABDCBBB2146DE100005DB37 /* Sources */,
				8ABDCBBC2146DE100005DB37 /* Frameworks */,
				8ABDCBBD2146DE100005DB37 /* Resources */,
			);
			buildRules = (
			);
			dependencies = (
			);
			name = CryptoFare;
			productName = CryptoFare;
			productReference = 8ABDCBBF2146DE100005DB37 /* CryptoFare.app */;
			productType = "com.apple.product-type.application";
		};
/* End PBXNativeTarget section */

/* Begin PBXProject section */
		8ABDCBB72146DE100005DB37 /* Project object */ = {
			isa = PBXProject;
			attributes = {
				LastSwiftUpdateCheck = 0940;
				LastUpgradeCheck = 0940;
				ORGANIZATIONNAME = CryptoFare;
				TargetAttributes = {
					8ABDCBBE2146DE100005DB37 = {
						CreatedOnToolsVersion = 9.4.1;
					};
				};
			};
			buildConfigurationList = 8ABDCBBA2146DE100005DB37 /* Build configuration list for PBXProject "CryptoFare" */;
			compatibilityVersion = "Xcode 9.3";
			developmentRegion = en;
			hasScannedForEncodings = 0;
			knownRegions = (
				en,
				Base,
			);
			mainGroup = 8ABDCBB62146DE100005DB37;
			productRefGroup = 8ABDCBC02146DE100005DB37 /* Products */;
			projectDirPath = "";
			projectRoot = "";
			targets = (
				8ABDCBBE2146DE100005DB37 /* CryptoFare */,
			);
		};
/* End PBXProject section */

/* Begin PBXResourcesBuildPhase section */
		8ABDCBBD2146DE100005DB37 /* Resources */ = {
			isa = PBXResourcesBuildPhase;
			buildActionMask = 2147483647;
			files = (
				8ABDCBCD2146DE110005DB37 /* LaunchScreen.storyboard in Resources */,
				8ABDCBCA2146DE110005DB37 /* Assets.xcassets in Resources */,
				8ABDCBC82146DE100005DB37 /* Main.storyboard in Resources */,
			);
			runOnlyForDeploymentPostprocessing = 0;
		};
/* End PBXResourcesBuildPhase section */

/* Begin PBXSourcesBuildPhase section */
		8ABDCBBB2146DE100005DB37 /* Sources */ = {
			isa = PBXSourcesBuildPhase;
			buildActionMask = 2147483647;
			files = (
				8ABF662D21483275007BC3E5 /* NetworkManager.swift in Sources */,
				8ABDCBC52146DE100005DB37 /* ViewController.swift in Sources */,
				8ABDCBC32146DE100005DB37 /* AppDelegate.swift in Sources */,
			);
			runOnlyForDeploymentPostprocessing = 0;
		};
/* End PBXSourcesBuildPhase section */

/* Begin PBXVariantGroup section */
		8ABDCBC62146DE100005DB37 /* Main.storyboard */ = {
			isa = PBXVariantGroup;
			children = (
				8ABDCBC72146DE100005DB37 /* Base */,
			);
			name = Main.storyboard;
			sourceTree = "<group>";
		};
		8ABDCBCB2146DE110005DB37 /* LaunchScreen.storyboard */ = {
			isa = PBXVariantGroup;
			children = (
				8ABDCBCC2146DE110005DB37 /* Base */,
			);
			name = LaunchScreen.storyboard;
			sourceTree = "<group>";
		};
/* End PBXVariantGroup section */

/* Begin XCBuildConfiguration section */
		8ABDCBCF2146DE110005DB37 /* Debug */ = {
			isa = XCBuildConfiguration;
			buildSettings = {
				ALWAYS_SEARCH_USER_PATHS = NO;
				CLANG_ANALYZER_NONNULL = YES;
				CLANG_ANALYZER_NUMBER_OBJECT_CONVERSION = YES_AGGRESSIVE;
				CLANG_CXX_LANGUAGE_STANDARD = "gnu++14";
				CLANG_CXX_LIBRARY = "libc++";
				CLANG_ENABLE_MODULES = YES;
				CLANG_ENABLE_OBJC_ARC = YES;
				CLANG_ENABLE_OBJC_WEAK = YES;
				CLANG_WARN_BLOCK_CAPTURE_AUTORELEASING = YES;
				CLANG_WARN_BOOL_CONVERSION = YES;
				CLANG_WARN_COMMA = YES;
				CLANG_WARN_CONSTANT_CONVERSION = YES;
				CLANG_WARN_DEPRECATED_OBJC_IMPLEMENTATIONS = YES;
				CLANG_WARN_DIRECT_OBJC_ISA_USAGE = YES_ERROR;
				CLANG_WARN_DOCUMENTATION_COMMENTS = YES;
				CLANG_WARN_EMPTY_BODY = YES;
				CLANG_WARN_ENUM_CONVERSION = YES;
				CLANG_WARN_INFINITE_RECURSION = YES;
				CLANG_WARN_INT_CONVERSION = YES;
				CLANG_WARN_NON_LITERAL_NULL_CONVERSION = YES;
				CLANG_WARN_OBJC_IMPLICIT_RETAIN_SELF = YES;
				CLANG_WARN_OBJC_LITERAL_CONVERSION = YES;
				CLANG_WARN_OBJC_ROOT_CLASS = YES_ERROR;
				CLANG_WARN_RANGE_LOOP_ANALYSIS = YES;
				CLANG_WARN_STRICT_PROTOTYPES = YES;
				CLANG_WARN_SUSPICIOUS_MOVE = YES;
				CLANG_WARN_UNGUARDED_AVAILABILITY = YES_AGGRESSIVE;
				CLANG_WARN_UNREACHABLE_CODE = YES;
				CLANG_WARN__DUPLICATE_METHOD_MATCH = YES;
				CODE_SIGN_IDENTITY = "iPhone Developer";
				COPY_PHASE_STRIP = NO;
				DEBUG_INFORMATION_FORMAT = dwarf;
				ENABLE_STRICT_OBJC_MSGSEND = YES;
				ENABLE_TESTABILITY = YES;
				GCC_C_LANGUAGE_STANDARD = gnu11;
				GCC_DYNAMIC_NO_PIC = NO;
				GCC_NO_COMMON_BLOCKS = YES;
				GCC_OPTIMIZATION_LEVEL = 0;
				GCC_PREPROCESSOR_DEFINITIONS = (
					"DEBUG=1",
					"$(inherited)",
				);
				GCC_WARN_64_TO_32_BIT_CONVERSION = YES;
				GCC_WARN_ABOUT_RETURN_TYPE = YES_ERROR;
				GCC_WARN_UNDECLARED_SELECTOR = YES;
				GCC_WARN_UNINITIALIZED_AUTOS = YES_AGGRESSIVE;
				GCC_WARN_UNUSED_FUNCTION = YES;
				GCC_WARN_UNUSED_VARIABLE = YES;
				IPHONEOS_DEPLOYMENT_TARGET = 11.4;
				MTL_ENABLE_DEBUG_INFO = YES;
				ONLY_ACTIVE_ARCH = YES;
				SDKROOT = iphoneos;
				SWIFT_ACTIVE_COMPILATION_CONDITIONS = DEBUG;
				SWIFT_OPTIMIZATION_LEVEL = "-Onone";
			};
			name = Debug;
		};
		8ABDCBD02146DE110005DB37 /* Release */ = {
			isa = XCBuildConfiguration;
			buildSettings = {
				ALWAYS_SEARCH_USER_PATHS = NO;
				CLANG_ANALYZER_NONNULL = YES;
				CLANG_ANALYZER_NUMBER_OBJECT_CONVERSION = YES_AGGRESSIVE;
				CLANG_CXX_LANGUAGE_STANDARD = "gnu++14";
				CLANG_CXX_LIBRARY = "libc++";
				CLANG_ENABLE_MODULES = YES;
				CLANG_ENABLE_OBJC_ARC = YES;
				CLANG_ENABLE_OBJC_WEAK = YES;
				CLANG_WARN_BLOCK_CAPTURE_AUTORELEASING = YES;
				CLANG_WARN_BOOL_CONVERSION = YES;
				CLANG_WARN_COMMA = YES;
				CLANG_WARN_CONSTANT_CONVERSION = YES;
				CLANG_WARN_DEPRECATED_OBJC_IMPLEMENTATIONS = YES;
				CLANG_WARN_DIRECT_OBJC_ISA_USAGE = YES_ERROR;
				CLANG_WARN_DOCUMENTATION_COMMENTS = YES;
				CLANG_WARN_EMPTY_BODY = YES;
				CLANG_WARN_ENUM_CONVERSION = YES;
				CLANG_WARN_INFINITE_RECURSION = YES;
				CLANG_WARN_INT_CONVERSION = YES;
				CLANG_WARN_NON_LITERAL_NULL_CONVERSION = YES;
				CLANG_WARN_OBJC_IMPLICIT_RETAIN_SELF = YES;
				CLANG_WARN_OBJC_LITERAL_CONVERSION = YES;
				CLANG_WARN_OBJC_ROOT_CLASS = YES_ERROR;
				CLANG_WARN_RANGE_LOOP_ANALYSIS = YES;
				CLANG_WARN_STRICT_PROTOTYPES = YES;
				CLANG_WARN_SUSPICIOUS_MOVE = YES;
				CLANG_WARN_UNGUARDED_AVAILABILITY = YES_AGGRESSIVE;
				CLANG_WARN_UNREACHABLE_CODE = YES;
				CLANG_WARN__DUPLICATE_METHOD_MATCH = YES;
				CODE_SIGN_IDENTITY = "iPhone Developer";
				COPY_PHASE_STRIP = NO;
				DEBUG_INFORMATION_FORMAT = "dwarf-with-dsym";
				ENABLE_NS_ASSERTIONS = NO;
				ENABLE_STRICT_OBJC_MSGSEND = YES;
				GCC_C_LANGUAGE_STANDARD = gnu11;
				GCC_NO_COMMON_BLOCKS = YES;
				GCC_WARN_64_TO_32_BIT_CONVERSION = YES;
				GCC_WARN_ABOUT_RETURN_TYPE = YES_ERROR;
				GCC_WARN_UNDECLARED_SELECTOR = YES;
				GCC_WARN_UNINITIALIZED_AUTOS = YES_AGGRESSIVE;
				GCC_WARN_UNUSED_FUNCTION = YES;
				GCC_WARN_UNUSED_VARIABLE = YES;
				IPHONEOS_DEPLOYMENT_TARGET = 11.4;
				MTL_ENABLE_DEBUG_INFO = NO;
				SDKROOT = iphoneos;
				SWIFT_COMPILATION_MODE = wholemodule;
				SWIFT_OPTIMIZATION_LEVEL = "-O";
				VALIDATE_PRODUCT = YES;
			};
			name = Release;
		};
		8ABDCBD22146DE110005DB37 /* Debug */ = {
			isa = XCBuildConfiguration;
			buildSettings = {
				ASSETCATALOG_COMPILER_APPICON_NAME = AppIcon;
				CODE_SIGN_STYLE = Automatic;
				DEVELOPMENT_TEAM = G8YFYU5U5F;
				INFOPLIST_FILE = CryptoFare/Info.plist;
				IPHONEOS_DEPLOYMENT_TARGET = 10.0;
				LD_RUNPATH_SEARCH_PATHS = (
					"$(inherited)",
					"@executable_path/Frameworks",
				);
				PRODUCT_BUNDLE_IDENTIFIER = com.cryptofare.CryptoFare;
				PRODUCT_NAME = "$(TARGET_NAME)";
				SWIFT_VERSION = 4.0;
				TARGETED_DEVICE_FAMILY = "1,2";
			};
			name = Debug;
		};
		8ABDCBD32146DE110005DB37 /* Release */ = {
			isa = XCBuildConfiguration;
			buildSettings = {
				ASSETCATALOG_COMPILER_APPICON_NAME = AppIcon;
				CODE_SIGN_STYLE = Automatic;
				DEVELOPMENT_TEAM = G8YFYU5U5F;
				INFOPLIST_FILE = CryptoFare/Info.plist;
				IPHONEOS_DEPLOYMENT_TARGET = 10.0;
				LD_RUNPATH_SEARCH_PATHS = (
					"$(inherited)",
					"@executable_path/Frameworks",
				);
				PRODUCT_BUNDLE_IDENTIFIER = com.cryptofare.CryptoFare;
				PRODUCT_NAME = "$(TARGET_NAME)";
				SWIFT_VERSION = 4.0;
				TARGETED_DEVICE_FAMILY = "1,2";
			};
			name = Release;
		};
/* End XCBuildConfiguration section */

/* Begin XCConfigurationList section */
		8ABDCBBA2146DE100005DB37 /* Build configuration list for PBXProject "CryptoFare" */ = {
			isa = XCConfigurationList;
			buildConfigurations = (
				8ABDCBCF2146DE110005DB37 /* Debug */,
				8ABDCBD02146DE110005DB37 /* Release */,
			);
			defaultConfigurationIsVisible = 0;
			defaultConfigurationName = Release;
		};
		8ABDCBD12146DE110005DB37 /* Build configuration list for PBXNativeTarget "CryptoFare" */ = {
			isa = XCConfigurationList;
			buildConfigurations = (
				8ABDCBD22146DE110005DB37 /* Debug */,
				8ABDCBD32146DE110005DB37 /* Release */,
			);
			defaultConfigurationIsVisible = 0;
			defaultConfigurationName = Release;
		};
/* End XCConfigurationList section */
	};
	rootObject = 8ABDCBB72146DE100005DB37 /* Project object */;
}
